
Microsoft Visual Studio Solution File, Format Version 12.00
# Visual Studio 15
VisualStudioVersion = 15.0.26124.0
MinimumVisualStudioVersion = 15.0.26124.0
Project("{2150E333-8FDC-42A3-9474-1A3956D46DE8}") = "src", "src", "{5BB11E5E-8EFE-45DA-B091-A43A15ACCFF4}"
EndProject
Project("{FAE04EC0-301F-11D3-BF4B-00C04F79EFBC}") = "PatentDataAnalyzer", "src\PatentDataAnalyzer\PatentDataAnalyzer.csproj", "{F626B60D-211F-49AC-9645-533D1B1923D6}"
EndProject
Project("{2150E333-8FDC-42A3-9474-1A3956D46DE8}") = "test", "test", "{9902BC68-7CDB-488F-A7F1-55E91F1D1795}"
EndProject
Project("{FAE04EC0-301F-11D3-BF4B-00C04F79EFBC}") = "PatentAnalyzer.Tests", "test\PatentAnalyzer.Tests\PatentAnalyzer.Tests.csproj", "{9418D799-F95D-41B7-B6F3-82150F8860F3}"
EndProject
Global
	GlobalSection(SolutionConfigurationPlatforms) = preSolution
		Debug|Any CPU = Debug|Any CPU
		Debug|x64 = Debug|x64
		Debug|x86 = Debug|x86
		Release|Any CPU = Release|Any CPU
		Release|x64 = Release|x64
		Release|x86 = Release|x86
	EndGlobalSection
	GlobalSection(SolutionProperties) = preSolution
		HideSolutionNode = FALSE
	EndGlobalSection
	GlobalSection(ProjectConfigurationPlatforms) = postSolution
		{F626B60D-211F-49AC-9645-533D1B1923D6}.Debug|Any CPU.ActiveCfg = Debug|Any CPU
		{F626B60D-211F-49AC-9645-533D1B1923D6}.Debug|Any CPU.Build.0 = Debug|Any CPU
		{F626B60D-211F-49AC-9645-533D1B1923D6}.Debug|x64.ActiveCfg = Debug|Any CPU
		{F626B60D-211F-49AC-9645-533D1B1923D6}.Debug|x64.Build.0 = Debug|Any CPU
		{F626B60D-211F-49AC-9645-533D1B1923D6}.Debug|x86.ActiveCfg = Debug|Any CPU
		{F626B60D-211F-49AC-9645-533D1B1923D6}.Debug|x86.Build.0 = Debug|Any CPU
		{F626B60D-211F-49AC-9645-533D1B1923D6}.Release|Any CPU.ActiveCfg = Release|Any CPU
		{F626B60D-211F-49AC-9645-533D1B1923D6}.Release|Any CPU.Build.0 = Release|Any CPU
		{F626B60D-211F-49AC-9645-533D1B1923D6}.Release|x64.ActiveCfg = Release|Any CPU
		{F626B60D-211F-49AC-9645-533D1B1923D6}.Release|x64.Build.0 = Release|Any CPU
		{F626B60D-211F-49AC-9645-533D1B1923D6}.Release|x86.ActiveCfg = Release|Any CPU
		{F626B60D-211F-49AC-9645-533D1B1923D6}.Release|x86.Build.0 = Release|Any CPU
		{9418D799-F95D-41B7-B6F3-82150F8860F3}.Debug|Any CPU.ActiveCfg = Debug|Any CPU
		{9418D799-F95D-41B7-B6F3-82150F8860F3}.Debug|Any CPU.Build.0 = Debug|Any CPU
		{9418D799-F95D-41B7-B6F3-82150F8860F3}.Debug|x64.ActiveCfg = Debug|Any CPU
		{9418D799-F95D-41B7-B6F3-82150F8860F3}.Debug|x64.Build.0 = Debug|Any CPU
		{9418D799-F95D-41B7-B6F3-82150F8860F3}.Debug|x86.ActiveCfg = Debug|Any CPU
		{9418D799-F95D-41B7-B6F3-82150F8860F3}.Debug|x86.Build.0 = Debug|Any CPU
		{9418D799-F95D-41B7-B6F3-82150F8860F3}.Release|Any CPU.ActiveCfg = Release|Any CPU
		{9418D799-F95D-41B7-B6F3-82150F8860F3}.Release|Any CPU.Build.0 = Release|Any CPU
		{9418D799-F95D-41B7-B6F3-82150F8860F3}.Release|x64.ActiveCfg = Release|Any CPU
		{9418D799-F95D-41B7-B6F3-82150F8860F3}.Release|x64.Build.0 = Release|Any CPU
		{9418D799-F95D-41B7-B6F3-82150F8860F3}.Release|x86.ActiveCfg = Release|Any CPU
		{9418D799-F95D-41B7-B6F3-82150F8860F3}.Release|x86.Build.0 = Release|Any CPU
	EndGlobalSection
	GlobalSection(NestedProjects) = preSolution
		{F626B60D-211F-49AC-9645-533D1B1923D6} = {5BB11E5E-8EFE-45DA-B091-A43A15ACCFF4}
		{9418D799-F95D-41B7-B6F3-82150F8860F3} = {9902BC68-7CDB-488F-A7F1-55E91F1D1795}
	EndGlobalSection
EndGlobal
